{
  "name": "BF",
  "version": "1.0.0",
  "lockfileVersion": 1,
  "requires": true,
  "dependencies": {
    "mblf-lang": {
      "version": "1.0.1",
      "resolved": "https://registry.npmjs.org/mblf-lang/-/mblf-lang-1.0.1.tgz",
      "integrity": "sha512-pCyq6smnrfzQkZn1c+jlUuojc/Gs/R9MApPY8KqjFoPGhV6Bx+UdFQSWXReWBAkg7ipbetYSaCSq9aGj7PvU4g=="
    }
  }
}
